
Microsoft Visual Studio Solution File, Format Version 12.00
# Visual Studio Version 17
VisualStudioVersion = 17.6.33815.320
MinimumVisualStudioVersion = 10.0.40219.1
Project("{FAE04EC0-301F-11D3-BF4B-00C04F79EFBC}") = "Buoi18", "Buoi18.csproj", "{891CDEC5-7490-4821-B1C6-3332503E3FD2}"
EndProject
Global
	GlobalSection(SolutionConfigurationPlatforms) = preSolution
		Debug|Any CPU = Debug|Any CPU
		Release|Any CPU = Release|Any CPU
	EndGlobalSection
	GlobalSection(ProjectConfigurationPlatforms) = postSolution
		{891CDEC5-7490-4821-B1C6-3332503E3FD2}.Debug|Any CPU.ActiveCfg = Debug|Any CPU
		{891CDEC5-7490-4821-B1C6-3332503E3FD2}.Debug|Any CPU.Build.0 = Debug|Any CPU
		{891CDEC5-7490-4821-B1C6-3332503E3FD2}.Release|Any CPU.ActiveCfg = Release|Any CPU
		{891CDEC5-7490-4821-B1C6-3332503E3FD2}.Release|Any CPU.Build.0 = Release|Any CPU
	EndGlobalSection
	GlobalSection(SolutionProperties) = preSolution
		HideSolutionNode = FALSE
	EndGlobalSection
	GlobalSection(ExtensibilityGlobals) = postSolution
		SolutionGuid = {C1E64B5D-9FB3-4B2D-B29A-2529184F1F5D}
	EndGlobalSection
EndGlobal
