
Microsoft Visual Studio Solution File, Format Version 12.00
# Visual Studio Version 17
VisualStudioVersion = 17.6.33815.320
MinimumVisualStudioVersion = 10.0.40219.1
Project("{9A19103F-16F7-4668-BE54-9A1E7A4F7556}") = "BT1-W02-vonglap", "BT1-W02-vonglap.csproj", "{E26ACB94-843A-4268-9D41-05FD592DB026}"
EndProject
Project("{FAE04EC0-301F-11D3-BF4B-00C04F79EFBC}") = "Buoi09", "..\Buoi09\Buoi09.csproj", "{C457F8C5-49BC-4A3B-AA6B-14BE5F5D79C0}"
EndProject
Global
	GlobalSection(SolutionConfigurationPlatforms) = preSolution
		Debug|Any CPU = Debug|Any CPU
		Release|Any CPU = Release|Any CPU
	EndGlobalSection
	GlobalSection(ProjectConfigurationPlatforms) = postSolution
		{E26ACB94-843A-4268-9D41-05FD592DB026}.Debug|Any CPU.ActiveCfg = Debug|Any CPU
		{E26ACB94-843A-4268-9D41-05FD592DB026}.Debug|Any CPU.Build.0 = Debug|Any CPU
		{E26ACB94-843A-4268-9D41-05FD592DB026}.Release|Any CPU.ActiveCfg = Release|Any CPU
		{E26ACB94-843A-4268-9D41-05FD592DB026}.Release|Any CPU.Build.0 = Release|Any CPU
		{C457F8C5-49BC-4A3B-AA6B-14BE5F5D79C0}.Debug|Any CPU.ActiveCfg = Debug|Any CPU
		{C457F8C5-49BC-4A3B-AA6B-14BE5F5D79C0}.Debug|Any CPU.Build.0 = Debug|Any CPU
		{C457F8C5-49BC-4A3B-AA6B-14BE5F5D79C0}.Release|Any CPU.ActiveCfg = Release|Any CPU
		{C457F8C5-49BC-4A3B-AA6B-14BE5F5D79C0}.Release|Any CPU.Build.0 = Release|Any CPU
	EndGlobalSection
	GlobalSection(SolutionProperties) = preSolution
		HideSolutionNode = FALSE
	EndGlobalSection
	GlobalSection(ExtensibilityGlobals) = postSolution
		SolutionGuid = {CAF34A40-D65E-42A8-A786-F6B7702677EE}
	EndGlobalSection
EndGlobal
