
Microsoft Visual Studio Solution File, Format Version 12.00
# Visual Studio Version 17
VisualStudioVersion = 17.6.33815.320
MinimumVisualStudioVersion = 10.0.40219.1
Project("{9A19103F-16F7-4668-BE54-9A1E7A4F7556}") = "Duan2", "Duan2.csproj", "{FDB9CBD4-CF10-4B4D-99C8-C2DB797D728C}"
EndProject
Project("{FAE04EC0-301F-11D3-BF4B-00C04F79EFBC}") = "buoi21", "..\buoi21\buoi21.csproj", "{9FB5D87F-707D-461D-8DE1-C57AB8B8CD98}"
EndProject
Global
	GlobalSection(SolutionConfigurationPlatforms) = preSolution
		Debug|Any CPU = Debug|Any CPU
		Release|Any CPU = Release|Any CPU
	EndGlobalSection
	GlobalSection(ProjectConfigurationPlatforms) = postSolution
		{FDB9CBD4-CF10-4B4D-99C8-C2DB797D728C}.Debug|Any CPU.ActiveCfg = Debug|Any CPU
		{FDB9CBD4-CF10-4B4D-99C8-C2DB797D728C}.Debug|Any CPU.Build.0 = Debug|Any CPU
		{FDB9CBD4-CF10-4B4D-99C8-C2DB797D728C}.Release|Any CPU.ActiveCfg = Release|Any CPU
		{FDB9CBD4-CF10-4B4D-99C8-C2DB797D728C}.Release|Any CPU.Build.0 = Release|Any CPU
		{9FB5D87F-707D-461D-8DE1-C57AB8B8CD98}.Debug|Any CPU.ActiveCfg = Debug|Any CPU
		{9FB5D87F-707D-461D-8DE1-C57AB8B8CD98}.Debug|Any CPU.Build.0 = Debug|Any CPU
		{9FB5D87F-707D-461D-8DE1-C57AB8B8CD98}.Release|Any CPU.ActiveCfg = Release|Any CPU
		{9FB5D87F-707D-461D-8DE1-C57AB8B8CD98}.Release|Any CPU.Build.0 = Release|Any CPU
	EndGlobalSection
	GlobalSection(SolutionProperties) = preSolution
		HideSolutionNode = FALSE
	EndGlobalSection
	GlobalSection(ExtensibilityGlobals) = postSolution
		SolutionGuid = {DA7CD985-66E3-4306-B55D-8312B78EEC79}
	EndGlobalSection
EndGlobal
