
Microsoft Visual Studio Solution File, Format Version 12.00
# Visual Studio Version 17
VisualStudioVersion = 17.6.33815.320
MinimumVisualStudioVersion = 10.0.40219.1
Project("{FAE04EC0-301F-11D3-BF4B-00C04F79EFBC}") = "Buoi4CodeGym", "Buoi4CodeGym.csproj", "{DDC331C1-5A28-404B-B4EF-1BC5DCEE9864}"
EndProject
Global
	GlobalSection(SolutionConfigurationPlatforms) = preSolution
		Debug|Any CPU = Debug|Any CPU
		Release|Any CPU = Release|Any CPU
	EndGlobalSection
	GlobalSection(ProjectConfigurationPlatforms) = postSolution
		{DDC331C1-5A28-404B-B4EF-1BC5DCEE9864}.Debug|Any CPU.ActiveCfg = Debug|Any CPU
		{DDC331C1-5A28-404B-B4EF-1BC5DCEE9864}.Debug|Any CPU.Build.0 = Debug|Any CPU
		{DDC331C1-5A28-404B-B4EF-1BC5DCEE9864}.Release|Any CPU.ActiveCfg = Release|Any CPU
		{DDC331C1-5A28-404B-B4EF-1BC5DCEE9864}.Release|Any CPU.Build.0 = Release|Any CPU
	EndGlobalSection
	GlobalSection(SolutionProperties) = preSolution
		HideSolutionNode = FALSE
	EndGlobalSection
	GlobalSection(ExtensibilityGlobals) = postSolution
		SolutionGuid = {A268DBA5-B611-425A-A552-6A35C35A861E}
	EndGlobalSection
EndGlobal
