
Microsoft Visual Studio Solution File, Format Version 12.00
# Visual Studio Version 17
VisualStudioVersion = 17.6.33815.320
MinimumVisualStudioVersion = 10.0.40219.1
Project("{FAE04EC0-301F-11D3-BF4B-00C04F79EFBC}") = "buoi11", "buoi11.csproj", "{868A8097-A9A8-4470-9B29-2E166C2147EE}"
EndProject
Global
	GlobalSection(SolutionConfigurationPlatforms) = preSolution
		Debug|Any CPU = Debug|Any CPU
		Release|Any CPU = Release|Any CPU
	EndGlobalSection
	GlobalSection(ProjectConfigurationPlatforms) = postSolution
		{868A8097-A9A8-4470-9B29-2E166C2147EE}.Debug|Any CPU.ActiveCfg = Debug|Any CPU
		{868A8097-A9A8-4470-9B29-2E166C2147EE}.Debug|Any CPU.Build.0 = Debug|Any CPU
		{868A8097-A9A8-4470-9B29-2E166C2147EE}.Release|Any CPU.ActiveCfg = Release|Any CPU
		{868A8097-A9A8-4470-9B29-2E166C2147EE}.Release|Any CPU.Build.0 = Release|Any CPU
	EndGlobalSection
	GlobalSection(SolutionProperties) = preSolution
		HideSolutionNode = FALSE
	EndGlobalSection
	GlobalSection(ExtensibilityGlobals) = postSolution
		SolutionGuid = {FC225C0D-5308-43A8-9868-E7306BD11DA6}
	EndGlobalSection
EndGlobal
